# Generated by pub
# See https://dart.dev/tools/pub/glossary#lockfile
packages:
  dart_code_metrics_presets:
    dependency: "direct main"
    description:
      name: dart_code_metrics_presets
      sha256: "9029dac0e2c62af8b8361f8d240e10cb023c11d7b9caaac2be85c77e4e63c486"
      url: "https://pub.dev"
    source: hosted
    version: "2.33.0"
sdks:
  dart: ">=3.4.0 <4.0.0"
