# Generated by pub
# See https://dart.dev/tools/pub/glossary#lockfile
packages:
  dart_code_metrics_presets:
    dependency: "direct main"
    description:
      name: dart_code_metrics_presets
      sha256: "4c5296523e16bfd0a75905a87ff722f53f759e30f9c20195f1dc69859e392919"
      url: "https://pub.dev"
    source: hosted
    version: "2.31.0"
sdks:
  dart: ">=3.4.0 <4.0.0"
